{
  "version": 4,
  "terraform_version": "1.1.6",
  "serial": 88,
  "lineage": "a5f32bdd-ad3b-5fd7-86a9-9d330eb48e68",
  "outputs": {
    "tankiMapper_output": {
      "value": {
        "branches": [
          {
            "name": "main",
            "protected": true
          },
          {
            "name": "readme-enhancements",
            "protected": false
          }
        ],
        "clone_url": "https://github.com/SamirBanjanovic/TankiMapper.git",
        "repo_url": "https://github.com/SamirBanjanovic/TankiMapper"
      },
      "type": [
        "object",
        {
          "branches": [
            "list",
            [
              "object",
              {
                "name": "string",
                "protected": "bool"
              }
            ]
          ],
          "clone_url": "string",
          "repo_url": "string"
        }
      ]
    },
    "terraform_test_output": {
      "value": {
        "branches": [
          {
            "name": "main",
            "protected": true
          }
        ],
        "clone_url": "https://github.com/SamirBanjanovic/terraform-template-test.git",
        "repo_url": "https://github.com/SamirBanjanovic/terraform-template-test"
      },
      "type": [
        "object",
        {
          "branches": [
            "list",
            [
              "object",
              {
                "name": "string",
                "protected": "bool"
              }
            ]
          ],
          "clone_url": "string",
          "repo_url": "string"
        }
      ]
    },
    "wayless_output": {
      "value": {
        "branches": [
          {
            "name": "main",
            "protected": true
          },
          {
            "name": "v4",
            "protected": false
          }
        ],
        "clone_url": "https://github.com/SamirBanjanovic/Wayless.git",
        "repo_url": "https://github.com/SamirBanjanovic/Wayless"
      },
      "type": [
        "object",
        {
          "branches": [
            "list",
            [
              "object",
              {
                "name": "string",
                "protected": "bool"
              }
            ]
          ],
          "clone_url": "string",
          "repo_url": "string"
        }
      ]
    }
  },
  "resources": [
    {
      "module": "module.tankiMapper",
      "mode": "managed",
      "type": "github_branch_default",
      "name": "main_as_default",
      "provider": "provider[\"registry.terraform.io/hashicorp/github\"]",
      "instances": [
        {
          "schema_version": 0,
          "attributes": {
            "branch": "main",
            "id": "TankiMapper",
            "repository": "TankiMapper"
          },
          "sensitive_attributes": [],
          "private": "eyJzY2hlbWFfdmVyc2lvbiI6IjAifQ==",
          "dependencies": [
            "module.tankiMapper.github_repository.standard_repo"
          ]
        }
      ]
    },
    {
      "module": "module.tankiMapper",
      "mode": "managed",
      "type": "github_branch_protection",
      "name": "main_protection",
      "provider": "provider[\"registry.terraform.io/hashicorp/github\"]",
      "instances": [
        {
          "schema_version": 1,
          "attributes": {
            "allows_deletions": false,
            "allows_force_pushes": false,
            "enforce_admins": false,
            "id": "BPR_kwDOG7nuds4Bdg-Q",
            "pattern": "main",
            "push_restrictions": [],
            "repository_id": "TankiMapper",
            "require_conversation_resolution": true,
            "require_signed_commits": false,
            "required_linear_history": false,
            "required_pull_request_reviews": [
              {
                "dismiss_stale_reviews": true,
                "dismissal_restrictions": [],
                "require_code_owner_reviews": false,
                "required_approving_review_count": 1,
                "restrict_dismissals": false
              }
            ],
            "required_status_checks": []
          },
          "sensitive_attributes": [],
          "private": "eyJzY2hlbWFfdmVyc2lvbiI6IjEifQ==",
          "dependencies": [
            "module.tankiMapper.github_repository.standard_repo"
          ]
        }
      ]
    },
    {
      "module": "module.tankiMapper",
      "mode": "managed",
      "type": "github_repository",
      "name": "standard_repo",
      "provider": "provider[\"registry.terraform.io/hashicorp/github\"]",
      "instances": [
        {
          "schema_version": 0,
          "attributes": {
            "allow_auto_merge": false,
            "allow_merge_commit": true,
            "allow_rebase_merge": true,
            "allow_squash_merge": true,
            "archive_on_destroy": null,
            "archived": false,
            "auto_init": null,
            "branches": [
              {
                "name": "main",
                "protected": true
              },
              {
                "name": "readme-enhancements",
                "protected": false
              }
            ],
            "default_branch": "main",
            "delete_branch_on_merge": true,
            "description": "A light object-to-object mapper intended for simple mappings",
            "etag": "W/\"2cfc418ed1ca3603f6aec371bb4ddcc0bd1d89bfbb8980b7e43ee16b807f820b\"",
            "full_name": "SamirBanjanovic/TankiMapper",
            "git_clone_url": "git://github.com/SamirBanjanovic/TankiMapper.git",
            "gitignore_template": null,
            "has_downloads": true,
            "has_issues": true,
            "has_projects": true,
            "has_wiki": true,
            "homepage_url": "",
            "html_url": "https://github.com/SamirBanjanovic/TankiMapper",
            "http_clone_url": "https://github.com/SamirBanjanovic/TankiMapper.git",
            "id": "TankiMapper",
            "is_template": false,
            "license_template": "gpl-3.0",
            "name": "TankiMapper",
            "node_id": "R_kgDOG7nudg",
            "pages": [],
            "private": false,
            "repo_id": 465170038,
            "ssh_clone_url": "git@github.com:SamirBanjanovic/TankiMapper.git",
            "svn_url": "https://github.com/SamirBanjanovic/TankiMapper",
            "template": [],
            "topics": [],
            "visibility": "public",
            "vulnerability_alerts": true
          },
          "sensitive_attributes": [],
          "private": "bnVsbA=="
        }
      ]
    },
    {
      "module": "module.tankiMapper",
      "mode": "managed",
      "type": "github_repository_file",
      "name": "readme",
      "provider": "provider[\"registry.terraform.io/hashicorp/github\"]",
      "instances": [
        {
          "schema_version": 0,
          "attributes": {
            "branch": "main",
            "commit_author": "GitHub",
            "commit_email": "noreply@github.com",
            "commit_message": "Update README.md",
            "commit_sha": "c7c7760cff593f2de50cd092898f969d15fa70ab",
            "content": "# TankiMapper\n\n## Overview\n\n## Design\n",
            "file": "README.md",
            "id": "TankiMapper/README.md",
            "overwrite_on_create": false,
            "repository": "TankiMapper",
            "sha": "e02b774e62f383c7834c41c43581ee1438c6b659"
          },
          "sensitive_attributes": [],
          "private": "eyJzY2hlbWFfdmVyc2lvbiI6IjAifQ==",
          "dependencies": [
            "module.tankiMapper.github_repository.standard_repo"
          ]
        }
      ]
    },
    {
      "module": "module.terraform_template_test",
      "mode": "managed",
      "type": "github_branch_default",
      "name": "main_as_default",
      "provider": "provider[\"registry.terraform.io/hashicorp/github\"]",
      "instances": [
        {
          "schema_version": 0,
          "attributes": {
            "branch": "main",
            "id": "terraform-template-test",
            "repository": "terraform-template-test"
          },
          "sensitive_attributes": [],
          "private": "bnVsbA==",
          "dependencies": [
            "module.terraform_template_test.github_repository.standard_repo"
          ]
        }
      ]
    },
    {
      "module": "module.terraform_template_test",
      "mode": "managed",
      "type": "github_branch_protection",
      "name": "main_protection",
      "provider": "provider[\"registry.terraform.io/hashicorp/github\"]",
      "instances": [
        {
          "schema_version": 1,
          "attributes": {
            "allows_deletions": false,
            "allows_force_pushes": false,
            "enforce_admins": false,
            "id": "BPR_kwDOG9Lec84BdrRs",
            "pattern": "main",
            "push_restrictions": [],
            "repository_id": "terraform-template-test",
            "require_conversation_resolution": true,
            "require_signed_commits": false,
            "required_linear_history": false,
            "required_pull_request_reviews": [
              {
                "dismiss_stale_reviews": true,
                "dismissal_restrictions": [],
                "require_code_owner_reviews": false,
                "required_approving_review_count": 1,
                "restrict_dismissals": false
              }
            ],
            "required_status_checks": []
          },
          "sensitive_attributes": [],
          "private": "eyJzY2hlbWFfdmVyc2lvbiI6IjEifQ==",
          "dependencies": [
            "module.terraform_template_test.github_repository.standard_repo"
          ]
        }
      ]
    },
    {
      "module": "module.terraform_template_test",
      "mode": "managed",
      "type": "github_repository",
      "name": "standard_repo",
      "provider": "provider[\"registry.terraform.io/hashicorp/github\"]",
      "instances": [
        {
          "schema_version": 0,
          "attributes": {
            "allow_auto_merge": false,
            "allow_merge_commit": true,
            "allow_rebase_merge": true,
            "allow_squash_merge": true,
            "archive_on_destroy": null,
            "archived": false,
            "auto_init": null,
            "branches": [
              {
                "name": "main",
                "protected": true
              }
            ],
            "default_branch": "main",
            "delete_branch_on_merge": true,
            "description": "Terraform test repo created using dotnet template",
            "etag": "W/\"8b1d23a019b68ea36b85ca4c3796d1cdb7eaf117251fc81c4dd1644ba68c2ba1\"",
            "full_name": "SamirBanjanovic/terraform-template-test",
            "git_clone_url": "git://github.com/SamirBanjanovic/terraform-template-test.git",
            "gitignore_template": "VisualStudio",
            "has_downloads": true,
            "has_issues": true,
            "has_projects": true,
            "has_wiki": true,
            "homepage_url": "",
            "html_url": "https://github.com/SamirBanjanovic/terraform-template-test",
            "http_clone_url": "https://github.com/SamirBanjanovic/terraform-template-test.git",
            "id": "terraform-template-test",
            "is_template": false,
            "license_template": "gpl-3.0",
            "name": "terraform-template-test",
            "node_id": "R_kgDOG9Lecw",
            "pages": [],
            "private": false,
            "repo_id": 466804339,
            "ssh_clone_url": "git@github.com:SamirBanjanovic/terraform-template-test.git",
            "svn_url": "https://github.com/SamirBanjanovic/terraform-template-test",
            "template": [],
            "topics": [],
            "visibility": "public",
            "vulnerability_alerts": true
          },
          "sensitive_attributes": [],
          "private": "bnVsbA=="
        }
      ]
    },
    {
      "module": "module.terraform_template_test",
      "mode": "managed",
      "type": "github_repository_file",
      "name": "readme",
      "provider": "provider[\"registry.terraform.io/hashicorp/github\"]",
      "instances": [
        {
          "schema_version": 0,
          "attributes": {
            "branch": "main",
            "commit_author": "Terraform",
            "commit_email": "terraform@coffeetocode.dev",
            "commit_message": "File tracked via Terraform",
            "commit_sha": "af194680f863b3f37f2507f36f5e34d4caf94053",
            "content": "# terraform-template-test",
            "file": "README.md",
            "id": "terraform-template-test/README.md",
            "overwrite_on_create": false,
            "repository": "terraform-template-test",
            "sha": "4c7e73cd51d6ceb712e83e22571e9d461c5bae1a"
          },
          "sensitive_attributes": [],
          "private": "bnVsbA==",
          "dependencies": [
            "module.terraform_template_test.github_repository.standard_repo"
          ]
        }
      ]
    },
    {
      "module": "module.terraformer",
      "mode": "managed",
      "type": "github_branch_default",
      "name": "main_as_default",
      "provider": "provider[\"registry.terraform.io/hashicorp/github\"]",
      "instances": [
        {
          "schema_version": 0,
          "attributes": {
            "branch": "main",
            "id": "terraformer",
            "repository": "terraformer"
          },
          "sensitive_attributes": [],
          "private": "bnVsbA==",
          "dependencies": [
            "module.terraformer.github_repository.standard_repo"
          ]
        }
      ]
    },
    {
      "module": "module.terraformer",
      "mode": "managed",
      "type": "github_branch_protection",
      "name": "main_protection",
      "provider": "provider[\"registry.terraform.io/hashicorp/github\"]",
      "instances": [
        {
          "schema_version": 1,
          "attributes": {
            "allows_deletions": false,
            "allows_force_pushes": false,
            "enforce_admins": false,
            "id": "BPR_kwDOG9L3584BdrTf",
            "pattern": "main",
            "push_restrictions": null,
            "repository_id": "terraformer",
            "require_conversation_resolution": true,
            "require_signed_commits": false,
            "required_linear_history": false,
            "required_pull_request_reviews": [
              {
                "dismiss_stale_reviews": true,
                "dismissal_restrictions": null,
                "require_code_owner_reviews": false,
                "required_approving_review_count": 1,
                "restrict_dismissals": false
              }
            ],
            "required_status_checks": []
          },
          "sensitive_attributes": [],
          "private": "eyJzY2hlbWFfdmVyc2lvbiI6IjEifQ==",
          "dependencies": [
            "module.terraformer.github_repository.standard_repo"
          ]
        }
      ]
    },
    {
      "module": "module.terraformer",
      "mode": "managed",
      "type": "github_repository",
      "name": "standard_repo",
      "provider": "provider[\"registry.terraform.io/hashicorp/github\"]",
      "instances": [
        {
          "schema_version": 0,
          "attributes": {
            "allow_auto_merge": false,
            "allow_merge_commit": true,
            "allow_rebase_merge": true,
            "allow_squash_merge": true,
            "archive_on_destroy": null,
            "archived": false,
            "auto_init": null,
            "branches": [
              {
                "name": "main",
                "protected": false
              }
            ],
            "default_branch": "main",
            "delete_branch_on_merge": true,
            "description": "Terraform for creating and managing GitHub repos",
            "etag": "W/\"861b137a11840cf764dd07943550bbad23ff1b2e3329198c6a42c50425f75a80\"",
            "full_name": "SamirBanjanovic/terraformer",
            "git_clone_url": "git://github.com/SamirBanjanovic/terraformer.git",
            "gitignore_template": "VisualStudio",
            "has_downloads": true,
            "has_issues": true,
            "has_projects": true,
            "has_wiki": true,
            "homepage_url": "",
            "html_url": "https://github.com/SamirBanjanovic/terraformer",
            "http_clone_url": "https://github.com/SamirBanjanovic/terraformer.git",
            "id": "terraformer",
            "is_template": false,
            "license_template": "gpl-3.0",
            "name": "terraformer",
            "node_id": "R_kgDOG9L35w",
            "pages": [],
            "private": false,
            "repo_id": 466810855,
            "ssh_clone_url": "git@github.com:SamirBanjanovic/terraformer.git",
            "svn_url": "https://github.com/SamirBanjanovic/terraformer",
            "template": [],
            "topics": null,
            "visibility": "public",
            "vulnerability_alerts": true
          },
          "sensitive_attributes": [],
          "private": "bnVsbA=="
        }
      ]
    },
    {
      "module": "module.terraformer",
      "mode": "managed",
      "type": "github_repository_file",
      "name": "readme",
      "provider": "provider[\"registry.terraform.io/hashicorp/github\"]",
      "instances": [
        {
          "schema_version": 0,
          "attributes": {
            "branch": "main",
            "commit_author": "Terraform",
            "commit_email": "terraform@coffeetocode.dev",
            "commit_message": "File tracked via Terraform",
            "commit_sha": "5b47ab2ada6d2959fc6c34c840664a0521ae0072",
            "content": "# terraformer",
            "file": "README.md",
            "id": "terraformer/README.md",
            "overwrite_on_create": false,
            "repository": "terraformer",
            "sha": "80f789c5b92d37992090047f4a666eb6eb0101cb"
          },
          "sensitive_attributes": [],
          "private": "bnVsbA==",
          "dependencies": [
            "module.terraformer.github_repository.standard_repo"
          ]
        }
      ]
    },
    {
      "module": "module.wayless",
      "mode": "managed",
      "type": "github_branch_default",
      "name": "main_as_default",
      "provider": "provider[\"registry.terraform.io/hashicorp/github\"]",
      "instances": [
        {
          "schema_version": 0,
          "attributes": {
            "branch": "main",
            "id": "Wayless",
            "repository": "Wayless"
          },
          "sensitive_attributes": [],
          "private": "eyJzY2hlbWFfdmVyc2lvbiI6IjAifQ==",
          "dependencies": [
            "module.wayless.github_repository.standard_repo"
          ]
        }
      ]
    },
    {
      "module": "module.wayless",
      "mode": "managed",
      "type": "github_branch_protection",
      "name": "main_protection",
      "provider": "provider[\"registry.terraform.io/hashicorp/github\"]",
      "instances": [
        {
          "schema_version": 1,
          "attributes": {
            "allows_deletions": false,
            "allows_force_pushes": false,
            "enforce_admins": false,
            "id": "BPR_kwDOBwUcrM4Bdg-R",
            "pattern": "main",
            "push_restrictions": [],
            "repository_id": "Wayless",
            "require_conversation_resolution": true,
            "require_signed_commits": false,
            "required_linear_history": false,
            "required_pull_request_reviews": [
              {
                "dismiss_stale_reviews": true,
                "dismissal_restrictions": [],
                "require_code_owner_reviews": false,
                "required_approving_review_count": 1,
                "restrict_dismissals": false
              }
            ],
            "required_status_checks": []
          },
          "sensitive_attributes": [],
          "private": "eyJzY2hlbWFfdmVyc2lvbiI6IjEifQ==",
          "dependencies": [
            "module.wayless.github_repository.standard_repo"
          ]
        }
      ]
    },
    {
      "module": "module.wayless",
      "mode": "managed",
      "type": "github_repository",
      "name": "standard_repo",
      "provider": "provider[\"registry.terraform.io/hashicorp/github\"]",
      "instances": [
        {
          "schema_version": 0,
          "attributes": {
            "allow_auto_merge": false,
            "allow_merge_commit": true,
            "allow_rebase_merge": true,
            "allow_squash_merge": true,
            "archive_on_destroy": null,
            "archived": false,
            "auto_init": false,
            "branches": [
              {
                "name": "main",
                "protected": true
              },
              {
                "name": "v4",
                "protected": false
              }
            ],
            "default_branch": "main",
            "delete_branch_on_merge": true,
            "description": "A lightweight object mapper",
            "etag": "W/\"cb07915d16bc7f0c37cae0a8b112564a5727c92bbea1e738c0a375313ef08a17\"",
            "full_name": "SamirBanjanovic/Wayless",
            "git_clone_url": "git://github.com/SamirBanjanovic/Wayless.git",
            "gitignore_template": null,
            "has_downloads": true,
            "has_issues": true,
            "has_projects": true,
            "has_wiki": true,
            "homepage_url": "",
            "html_url": "https://github.com/SamirBanjanovic/Wayless",
            "http_clone_url": "https://github.com/SamirBanjanovic/Wayless.git",
            "id": "Wayless",
            "is_template": false,
            "license_template": "gpl-3.0",
            "name": "Wayless",
            "node_id": "MDEwOlJlcG9zaXRvcnkxMTc3NzU1MzI=",
            "pages": [
              {
                "cname": "",
                "custom_404": false,
                "html_url": "https://samirbanjanovic.github.io/Wayless/",
                "source": [
                  {
                    "branch": "main",
                    "path": "/"
                  }
                ],
                "status": "built",
                "url": "https://api.github.com/repos/SamirBanjanovic/Wayless/pages"
              }
            ],
            "private": false,
            "repo_id": 117775532,
            "ssh_clone_url": "git@github.com:SamirBanjanovic/Wayless.git",
            "svn_url": "https://github.com/SamirBanjanovic/Wayless",
            "template": [],
            "topics": [],
            "visibility": "public",
            "vulnerability_alerts": true
          },
          "sensitive_attributes": [],
          "private": "bnVsbA=="
        }
      ]
    },
    {
      "module": "module.wayless",
      "mode": "managed",
      "type": "github_repository_file",
      "name": "readme",
      "provider": "provider[\"registry.terraform.io/hashicorp/github\"]",
      "instances": [
        {
          "schema_version": 0,
          "attributes": {
            "branch": "main",
            "commit_author": "GitHub",
            "commit_email": "noreply@github.com",
            "commit_message": "Update README.md",
            "commit_sha": "5c0c3c8997f706bee79b3220750e5532e04c4cf5",
            "content": "# Wayless\n\n## Benchmarks\n\n``` ini\n\nBenchmarkDotNet=v0.11.5, OS=Windows 10.0.18362\nAMD Ryzen 7 2700X, 1 CPU, 16 logical and 8 physical cores\n.NET Core SDK=3.0.100\n  [Host] : .NET Core 3.0.0 (CoreCLR 4.700.19.46205, CoreFX 4.700.19.46214), 64bit RyuJIT\n  Core   : .NET Core 3.0.0 (CoreCLR 4.700.19.46205, CoreFX 4.700.19.46214), 64bit RyuJIT\n\nJob=Core  Runtime=Core  \n\n\n|           Method |     Mean |     Error |    StdDev |      Min |      Max | Ratio | RatioSD |\n|----------------- |---------:|----------:|----------:|---------:|---------:|------:|--------:|\n|       Manual Map | 1.771 us | 0.0048 us | 0.0045 us | 1.765 us | 1.783 us |  1.00 |    0.00 |\n|          Wayless | 2.278 us | 0.0055 us | 0.0051 us | 2.272 us | 2.290 us |  1.29 |    0.00 |\n|          Mapster | 6.223 us | 0.0546 us | 0.0484 us | 6.123 us | 6.303 us |  3.51 |    0.03 |\n```\n\n## Overview\n\nA basic object-object mapper written with speed and usability as the first priority.\n\nTo map from a source to destination object create an instance of the Wayless mapper.\nBy default source and destination properties are matched by name -- case insenstive. \n\n\tvar mapper = new Wayless\u003cPersonDTO, Person\u003e(new SetRuleBuilder\u003cPerstonDTO, Person\u003e().UseDefault());\n\nMapping rules are applied via a call to the `Map` methods.\n\n\tPersonDTO personDTO = mapper.Map(person);\n\n\n## Usage\nUnlike prior versions (before 2.0), you have to create an instance of the mapping store, WayMore.\n\n\tWayMore _waymore = new WayMore();\n\nFrom here on you can use your WayMore instance to access and modify mappers. This adds flexibility and doesn't\nrestrict you to using one set of rules for a pair of mappings. \n\nBy using an instance based store the flow of code is cleaner as well. Instead of calling `WayMore.Wayless.SetRules\u003cTD,TS\u003e` you use \nyour instance to `SetRules` - `_wayMoreInstance.SetRules\u003cTD,TS\u003e`. This makes the mappings only valid for that instance, not globally.\n\nValues can be mapped or set using the overloaded `FieldMap` and `FieldSet` methods. If auto matching is enabled \nyou can use `FieldSkip` to ignore a field.  \n\nBoth `FieldMap` and `FieldSet` have the ability to perform conditional mapping.\n\n\t_waymore\n\t.SetRules\u003cPersonDTO, Person\u003e(cfg =\u003e\n\t{\n\t\t// set phone number to '8675309' if First\n\t\tcfg.FieldMap(dest =\u003e dest.FirstName\n\t\t\t   , src =\u003e src.Nickname\n\t\t\t   , src =\u003e src.Phone == \"8675309\")\n\t\t    .FieldSet(dest =\u003e dest.Nickname\n\t\t\t    , \"Jenny\"\n\t\t\t    , src =\u003e src.Phone == \"8675309\")\n\t\t    .FinalizeRules(); \n\t}\n\nUsing a simple Json file you can pair destination and source properties using the `JsonFileMatchMaker`\n\n\t_waymore\n\t.SetRules\u003cPersonDTO, Person\u003e(cfg =\u003e\n    {\n        cfg.UseJsonMappingMatchMaker(jsonMappingPath)\n\t       .FinalizeRules(); \n    });\n\nA call to `FinalizeRules()` is __optional__. Wayless will check if the `SetRuleBuilder` has been finalized, if not it will\ngo ahead and make the call prior to compiling the map function.\n\n## WayMore\n\n`WayMore` is a thread-safe singleton that stores previously configured and requested instances of `Wayless`.\nVia the singleton you can configure and cache mappings for future use by calling `SetRules` or request a mapper by calling the\noverloaded `Get` method.\n\nTo cache an instance of a mapper you can configure it ahead of time (application startup) and use it \nlater by calling the `Get` method, or directly use the mapper by calling the generic `Map` from `WayMore`.\n\n\t_waymore\n\t.SetRules\u003cPersonDTO, Person\u003e(cfg =\u003e\n\t{\n\t\tcfg.FieldMap(d =\u003e d.FirstName, s =\u003e s.Nickname)\n\t\t    .FieldMap(d =\u003e d.Nickname, s =\u003e $\"{s.LastName}, {s.FirstName}\")\n\t\t    .FieldSet(d =\u003e d.CreateTime, DateTime.Now)\n\t\t    .FinalizeRules(); \n\t});\n\n\tvar personDTO = _waymore.Map\u003cPersonDTO, Person\u003e(person);\n\n`SetRules` returns a reference to `WayMore` to enable chained configurations \n\n\t_waymore\n\t.SetRules\u003cPersonDTO, Person\u003e(cfg =\u003e\n\t{\n\t\tcfg.FieldMap(d =\u003e d.FirstName, s =\u003e s.Nickname)\n\t\t   .FieldMap(d =\u003e d.Nickname, s =\u003e $\"{s.LastName}, {s.FirstName}\")\n\t\t   .FieldSet(d =\u003e d.CreateTime, DateTime.Now)\n\t\t   .FinalizeRules(); \n\t})\n\t.SetRules\u003cPersonDTONested, PersonNested\u003e(cfg =\u003e\n\t{\n\t\tvar nestedMapper = _waymore.Get\u003cPersonDTO, Person\u003e();\n\t\tcfg.FieldMap(x =\u003e x.NestedPersonDTO, x =\u003e nestedMapper.Map(x.NestedPerson))\n\t\t   .FinalizeRules(); \n\t});\n\n\nOnce configured you can request and instance of the object pair mapper and then call `Map` through the instance. \n\n\tvar personDtoMapper = _waymore.Get\u003cPersonDTO, Person\u003e();\n\tvar personDto = personDtoMapper.Map(person);\n\t\nYou can also directly call the `Map` function through `WayMore`.  \n\n\tvar personDto = _waymore.Map\u003cPersonDTO, Person\u003e(person)\n\t\nBoth calls will used cached mapper instances.\n\n## More\n\nYou can use `Waymore` with any dependency injection API by registering the `IWayMore` interface. For best performance\nyou should register it as a singleton with rule declerations. In the example below we use Microsoft's DI API to \nregister and configure our singleton \n\n\tservices.AddSingleton\u003cIWayMore\u003e\n\t(\n\t\tnew WayMore()\n\t\t.SetRules\u003cPersonDTO, Person\u003e(cfg =\u003e\n\t\t{\n\t\t\tcfg.FieldMap(d =\u003e d.FirstName, s =\u003e s.Nickname)\n\t\t\t   .FieldMap(d =\u003e d.Nickname, s =\u003e $\"{s.LastName}, {s.FirstName}\")\n\t\t\t   .FieldSet(d =\u003e d.CreateTime, DateTime.Now)\n\t\t\t   .FinalizeRules(); \n\t\t})\n\t\t.SetRules\u003cPersonDTONested, PersonNested\u003e(cfg =\u003e\n\t\t{\n\t\t\tvar nestedMapper = waymore.Get\u003cPersonDTO, Person\u003e();\n\t\t\tcfg.FieldMap(x =\u003e x.NestedPersonDTO, x =\u003e nestedMapper.Map(x.NestedPerson))\n\t\t\t   .FinalizeRules(); \n\t\t})\n\t);\n",
            "file": "README.md",
            "id": "Wayless/README.md",
            "overwrite_on_create": false,
            "repository": "Wayless",
            "sha": "d3b2c337536c53c3faa865f7b2f794f3c4fee75e"
          },
          "sensitive_attributes": [],
          "private": "eyJzY2hlbWFfdmVyc2lvbiI6IjAifQ==",
          "dependencies": [
            "module.wayless.github_repository.standard_repo"
          ]
        }
      ]
    }
  ]
}
